// !$*UTF8*$!
{
	archiveVersion = 1;
	classes = {
	};
	objectVersion = 56;
	objects = {

/* Begin PBXBuildFile section */
		7F3B9C052973A178007CE76D /* LandmarksApp.swift in Sources */ = {isa = PBXBuildFile; fileRef = 7F3B9C042973A178007CE76D /* LandmarksApp.swift */; };
		7F3B9C072973A178007CE76D /* ContentView.swift in Sources */ = {isa = PBXBuildFile; fileRef = 7F3B9C062973A178007CE76D /* ContentView.swift */; };
		7F3B9C092973A17B007CE76D /* Assets.xcassets in Resources */ = {isa = PBXBuildFile; fileRef = 7F3B9C082973A17B007CE76D /* Assets.xcassets */; };
		7F3B9C0C2973A17B007CE76D /* Preview Assets.xcassets in Resources */ = {isa = PBXBuildFile; fileRef = 7F3B9C0B2973A17B007CE76D /* Preview Assets.xcassets */; };
		7F3B9C162973A17B007CE76D /* LandmarksTests.swift in Sources */ = {isa = PBXBuildFile; fileRef = 7F3B9C152973A17B007CE76D /* LandmarksTests.swift */; };
		7F3B9C202973A17C007CE76D /* LandmarksUITests.swift in Sources */ = {isa = PBXBuildFile; fileRef = 7F3B9C1F2973A17C007CE76D /* LandmarksUITests.swift */; };
		7F3B9C222973A17C007CE76D /* LandmarksUITestsLaunchTests.swift in Sources */ = {isa = PBXBuildFile; fileRef = 7F3B9C212973A17C007CE76D /* LandmarksUITestsLaunchTests.swift */; };
		7F3B9C312973A712007CE76D /* CircleImage.swift in Sources */ = {isa = PBXBuildFile; fileRef = 7F3B9C302973A712007CE76D /* CircleImage.swift */; };
		7F3B9C332973AC32007CE76D /* MapView.swift in Sources */ = {isa = PBXBuildFile; fileRef = 7F3B9C322973AC32007CE76D /* MapView.swift */; };
		7F3B9C352973BCC2007CE76D /* landmarkData.json in Resources */ = {isa = PBXBuildFile; fileRef = 7F3B9C342973BCC2007CE76D /* landmarkData.json */; };
		7F3B9C362973BCC2007CE76D /* landmarkData.json in Resources */ = {isa = PBXBuildFile; fileRef = 7F3B9C342973BCC2007CE76D /* landmarkData.json */; };
		7F3B9C382973BCE8007CE76D /* Landmark.swift in Sources */ = {isa = PBXBuildFile; fileRef = 7F3B9C372973BCE8007CE76D /* Landmark.swift */; };
		7F3B9C392973BCE8007CE76D /* Landmark.swift in Sources */ = {isa = PBXBuildFile; fileRef = 7F3B9C372973BCE8007CE76D /* Landmark.swift */; };
		7F3B9C3C2973BF91007CE76D /* ModelData.swift in Sources */ = {isa = PBXBuildFile; fileRef = 7F3B9C3A2973BF91007CE76D /* ModelData.swift */; };
		7F3B9C442973C3A1007CE76D /* LandmarkRow.swift in Sources */ = {isa = PBXBuildFile; fileRef = 7F3B9C432973C3A1007CE76D /* LandmarkRow.swift */; };
		7F3B9C452973C3A1007CE76D /* LandmarkRow.swift in Sources */ = {isa = PBXBuildFile; fileRef = 7F3B9C432973C3A1007CE76D /* LandmarkRow.swift */; };
		7F3B9C472973C6FB007CE76D /* ModelData.swift in Sources */ = {isa = PBXBuildFile; fileRef = 7F3B9C3A2973BF91007CE76D /* ModelData.swift */; };
		7F3B9C492973CD66007CE76D /* LandmarkList.swift in Sources */ = {isa = PBXBuildFile; fileRef = 7F3B9C482973CD66007CE76D /* LandmarkList.swift */; };
		7F3B9C4A2973CD66007CE76D /* LandmarkList.swift in Sources */ = {isa = PBXBuildFile; fileRef = 7F3B9C482973CD66007CE76D /* LandmarkList.swift */; };
		7F3B9C4C2973D078007CE76D /* LandmarkDetail.swift in Sources */ = {isa = PBXBuildFile; fileRef = 7F3B9C4B2973D078007CE76D /* LandmarkDetail.swift */; };
		7F3B9C4D2973D078007CE76D /* LandmarkDetail.swift in Sources */ = {isa = PBXBuildFile; fileRef = 7F3B9C4B2973D078007CE76D /* LandmarkDetail.swift */; };
		7F3B9C4E2973D2E5007CE76D /* ContentView.swift in Sources */ = {isa = PBXBuildFile; fileRef = 7F3B9C062973A178007CE76D /* ContentView.swift */; };
		7FDA176A29753E3D008021AC /* FavoriteButton.swift in Sources */ = {isa = PBXBuildFile; fileRef = 7FDA176929753E3D008021AC /* FavoriteButton.swift */; };
/* End PBXBuildFile section */

/* Begin PBXContainerItemProxy section */
		7F3B9C122973A17B007CE76D /* PBXContainerItemProxy */ = {
			isa = PBXContainerItemProxy;
			containerPortal = 7F3B9BF92973A177007CE76D /* Project object */;
			proxyType = 1;
			remoteGlobalIDString = 7F3B9C002973A178007CE76D;
			remoteInfo = Landmarks;
		};
		7F3B9C1C2973A17C007CE76D /* PBXContainerItemProxy */ = {
			isa = PBXContainerItemProxy;
			containerPortal = 7F3B9BF92973A177007CE76D /* Project object */;
			proxyType = 1;
			remoteGlobalIDString = 7F3B9C002973A178007CE76D;
			remoteInfo = Landmarks;
		};
/* End PBXContainerItemProxy section */

/* Begin PBXFileReference section */
		7F3B9C012973A178007CE76D /* Landmarks.app */ = {isa = PBXFileReference; explicitFileType = wrapper.application; includeInIndex = 0; path = Landmarks.app; sourceTree = BUILT_PRODUCTS_DIR; };
		7F3B9C042973A178007CE76D /* LandmarksApp.swift */ = {isa = PBXFileReference; lastKnownFileType = sourcecode.swift; path = LandmarksApp.swift; sourceTree = "<group>"; };
		7F3B9C062973A178007CE76D /* ContentView.swift */ = {isa = PBXFileReference; lastKnownFileType = sourcecode.swift; path = ContentView.swift; sourceTree = "<group>"; };
		7F3B9C082973A17B007CE76D /* Assets.xcassets */ = {isa = PBXFileReference; lastKnownFileType = folder.assetcatalog; path = Assets.xcassets; sourceTree = "<group>"; };
		7F3B9C0B2973A17B007CE76D /* Preview Assets.xcassets */ = {isa = PBXFileReference; lastKnownFileType = folder.assetcatalog; path = "Preview Assets.xcassets"; sourceTree = "<group>"; };
		7F3B9C112973A17B007CE76D /* LandmarksTests.xctest */ = {isa = PBXFileReference; explicitFileType = wrapper.cfbundle; includeInIndex = 0; path = LandmarksTests.xctest; sourceTree = BUILT_PRODUCTS_DIR; };
		7F3B9C152973A17B007CE76D /* LandmarksTests.swift */ = {isa = PBXFileReference; lastKnownFileType = sourcecode.swift; path = LandmarksTests.swift; sourceTree = "<group>"; };
		7F3B9C1B2973A17C007CE76D /* LandmarksUITests.xctest */ = {isa = PBXFileReference; explicitFileType = wrapper.cfbundle; includeInIndex = 0; path = LandmarksUITests.xctest; sourceTree = BUILT_PRODUCTS_DIR; };
		7F3B9C1F2973A17C007CE76D /* LandmarksUITests.swift */ = {isa = PBXFileReference; lastKnownFileType = sourcecode.swift; path = LandmarksUITests.swift; sourceTree = "<group>"; };
		7F3B9C212973A17C007CE76D /* LandmarksUITestsLaunchTests.swift */ = {isa = PBXFileReference; lastKnownFileType = sourcecode.swift; path = LandmarksUITestsLaunchTests.swift; sourceTree = "<group>"; };
		7F3B9C302973A712007CE76D /* CircleImage.swift */ = {isa = PBXFileReference; lastKnownFileType = sourcecode.swift; path = CircleImage.swift; sourceTree = "<group>"; };
		7F3B9C322973AC32007CE76D /* MapView.swift */ = {isa = PBXFileReference; lastKnownFileType = sourcecode.swift; path = MapView.swift; sourceTree = "<group>"; };
		7F3B9C342973BCC2007CE76D /* landmarkData.json */ = {isa = PBXFileReference; fileEncoding = 4; lastKnownFileType = text.json; path = landmarkData.json; sourceTree = "<group>"; };
		7F3B9C372973BCE8007CE76D /* Landmark.swift */ = {isa = PBXFileReference; lastKnownFileType = sourcecode.swift; path = Landmark.swift; sourceTree = "<group>"; };
		7F3B9C3A2973BF91007CE76D /* ModelData.swift */ = {isa = PBXFileReference; lastKnownFileType = sourcecode.swift; path = ModelData.swift; sourceTree = "<group>"; };
		7F3B9C432973C3A1007CE76D /* LandmarkRow.swift */ = {isa = PBXFileReference; lastKnownFileType = sourcecode.swift; path = LandmarkRow.swift; sourceTree = "<group>"; };
		7F3B9C482973CD66007CE76D /* LandmarkList.swift */ = {isa = PBXFileReference; lastKnownFileType = sourcecode.swift; path = LandmarkList.swift; sourceTree = "<group>"; };
		7F3B9C4B2973D078007CE76D /* LandmarkDetail.swift */ = {isa = PBXFileReference; lastKnownFileType = sourcecode.swift; path = LandmarkDetail.swift; sourceTree = "<group>"; };
		7FDA176929753E3D008021AC /* FavoriteButton.swift */ = {isa = PBXFileReference; lastKnownFileType = sourcecode.swift; path = FavoriteButton.swift; sourceTree = "<group>"; };
/* End PBXFileReference section */

/* Begin PBXFrameworksBuildPhase section */
		7F3B9BFE2973A178007CE76D /* Frameworks */ = {
			isa = PBXFrameworksBuildPhase;
			buildActionMask = 2147483647;
			files = (
			);
			runOnlyForDeploymentPostprocessing = 0;
		};
		7F3B9C0E2973A17B007CE76D /* Frameworks */ = {
			isa = PBXFrameworksBuildPhase;
			buildActionMask = 2147483647;
			files = (
			);
			runOnlyForDeploymentPostprocessing = 0;
		};
		7F3B9C182973A17C007CE76D /* Frameworks */ = {
			isa = PBXFrameworksBuildPhase;
			buildActionMask = 2147483647;
			files = (
			);
			runOnlyForDeploymentPostprocessing = 0;
		};
/* End PBXFrameworksBuildPhase section */

/* Begin PBXGroup section */
		7F3B9BF82973A177007CE76D = {
			isa = PBXGroup;
			children = (
				7F3B9C032973A178007CE76D /* Landmarks */,
				7F3B9C142973A17B007CE76D /* LandmarksTests */,
				7F3B9C1E2973A17C007CE76D /* LandmarksUITests */,
				7F3B9C022973A178007CE76D /* Products */,
			);
			sourceTree = "<group>";
		};
		7F3B9C022973A178007CE76D /* Products */ = {
			isa = PBXGroup;
			children = (
				7F3B9C012973A178007CE76D /* Landmarks.app */,
				7F3B9C112973A17B007CE76D /* LandmarksTests.xctest */,
				7F3B9C1B2973A17C007CE76D /* LandmarksUITests.xctest */,
			);
			name = Products;
			sourceTree = "<group>";
		};
		7F3B9C032973A178007CE76D /* Landmarks */ = {
			isa = PBXGroup;
			children = (
				7F3B9C3F2973C1BC007CE76D /* Resources */,
				7F3B9C042973A178007CE76D /* LandmarksApp.swift */,
				7F3B9C3E2973C19E007CE76D /* Model */,
				7F3B9C082973A17B007CE76D /* Assets.xcassets */,
				7F3B9C3D2973C158007CE76D /* Views */,
				7F3B9C0A2973A17B007CE76D /* Preview Content */,
			);
			path = Landmarks;
			sourceTree = "<group>";
		};
		7F3B9C0A2973A17B007CE76D /* Preview Content */ = {
			isa = PBXGroup;
			children = (
				7F3B9C0B2973A17B007CE76D /* Preview Assets.xcassets */,
			);
			path = "Preview Content";
			sourceTree = "<group>";
		};
		7F3B9C142973A17B007CE76D /* LandmarksTests */ = {
			isa = PBXGroup;
			children = (
				7F3B9C152973A17B007CE76D /* LandmarksTests.swift */,
			);
			path = LandmarksTests;
			sourceTree = "<group>";
		};
		7F3B9C1E2973A17C007CE76D /* LandmarksUITests */ = {
			isa = PBXGroup;
			children = (
				7F3B9C1F2973A17C007CE76D /* LandmarksUITests.swift */,
				7F3B9C212973A17C007CE76D /* LandmarksUITestsLaunchTests.swift */,
			);
			path = LandmarksUITests;
			sourceTree = "<group>";
		};
		7F3B9C3D2973C158007CE76D /* Views */ = {
			isa = PBXGroup;
			children = (
				7F3B9C062973A178007CE76D /* ContentView.swift */,
				7F540CFA29753FF400FFA640 /* Landmarks */,
				7F540CF929753FB200FFA640 /* Helpers */,
			);
			path = Views;
			sourceTree = "<group>";
		};
		7F3B9C3E2973C19E007CE76D /* Model */ = {
			isa = PBXGroup;
			children = (
				7F3B9C372973BCE8007CE76D /* Landmark.swift */,
				7F3B9C3A2973BF91007CE76D /* ModelData.swift */,
			);
			path = Model;
			sourceTree = "<group>";
		};
		7F3B9C3F2973C1BC007CE76D /* Resources */ = {
			isa = PBXGroup;
			children = (
				7F3B9C342973BCC2007CE76D /* landmarkData.json */,
			);
			path = Resources;
			sourceTree = "<group>";
		};
		7F540CF929753FB200FFA640 /* Helpers */ = {
			isa = PBXGroup;
			children = (
				7F3B9C302973A712007CE76D /* CircleImage.swift */,
				7F3B9C322973AC32007CE76D /* MapView.swift */,
				7FDA176929753E3D008021AC /* FavoriteButton.swift */,
			);
			path = Helpers;
			sourceTree = "<group>";
		};
		7F540CFA29753FF400FFA640 /* Landmarks */ = {
			isa = PBXGroup;
			children = (
				7F3B9C432973C3A1007CE76D /* LandmarkRow.swift */,
				7F3B9C482973CD66007CE76D /* LandmarkList.swift */,
				7F3B9C4B2973D078007CE76D /* LandmarkDetail.swift */,
			);
			path = Landmarks;
			sourceTree = "<group>";
		};
/* End PBXGroup section */

/* Begin PBXNativeTarget section */
		7F3B9C002973A178007CE76D /* Landmarks */ = {
			isa = PBXNativeTarget;
			buildConfigurationList = 7F3B9C252973A17C007CE76D /* Build configuration list for PBXNativeTarget "Landmarks" */;
			buildPhases = (
				7F3B9BFD2973A178007CE76D /* Sources */,
				7F3B9BFE2973A178007CE76D /* Frameworks */,
				7F3B9BFF2973A178007CE76D /* Resources */,
			);
			buildRules = (
			);
			dependencies = (
			);
			name = Landmarks;
			productName = Landmarks;
			productReference = 7F3B9C012973A178007CE76D /* Landmarks.app */;
			productType = "com.apple.product-type.application";
		};
		7F3B9C102973A17B007CE76D /* LandmarksTests */ = {
			isa = PBXNativeTarget;
			buildConfigurationList = 7F3B9C282973A17C007CE76D /* Build configuration list for PBXNativeTarget "LandmarksTests" */;
			buildPhases = (
				7F3B9C0D2973A17B007CE76D /* Sources */,
				7F3B9C0E2973A17B007CE76D /* Frameworks */,
				7F3B9C0F2973A17B007CE76D /* Resources */,
			);
			buildRules = (
			);
			dependencies = (
				7F3B9C132973A17B007CE76D /* PBXTargetDependency */,
			);
			name = LandmarksTests;
			productName = LandmarksTests;
			productReference = 7F3B9C112973A17B007CE76D /* LandmarksTests.xctest */;
			productType = "com.apple.product-type.bundle.unit-test";
		};
		7F3B9C1A2973A17C007CE76D /* LandmarksUITests */ = {
			isa = PBXNativeTarget;
			buildConfigurationList = 7F3B9C2B2973A17C007CE76D /* Build configuration list for PBXNativeTarget "LandmarksUITests" */;
			buildPhases = (
				7F3B9C172973A17C007CE76D /* Sources */,
				7F3B9C182973A17C007CE76D /* Frameworks */,
				7F3B9C192973A17C007CE76D /* Resources */,
			);
			buildRules = (
			);
			dependencies = (
				7F3B9C1D2973A17C007CE76D /* PBXTargetDependency */,
			);
			name = LandmarksUITests;
			productName = LandmarksUITests;
			productReference = 7F3B9C1B2973A17C007CE76D /* LandmarksUITests.xctest */;
			productType = "com.apple.product-type.bundle.ui-testing";
		};
/* End PBXNativeTarget section */

/* Begin PBXProject section */
		7F3B9BF92973A177007CE76D /* Project object */ = {
			isa = PBXProject;
			attributes = {
				BuildIndependentTargetsInParallel = 1;
				LastSwiftUpdateCheck = 1420;
				LastUpgradeCheck = 1420;
				TargetAttributes = {
					7F3B9C002973A178007CE76D = {
						CreatedOnToolsVersion = 14.2;
					};
					7F3B9C102973A17B007CE76D = {
						CreatedOnToolsVersion = 14.2;
						TestTargetID = 7F3B9C002973A178007CE76D;
					};
					7F3B9C1A2973A17C007CE76D = {
						CreatedOnToolsVersion = 14.2;
						TestTargetID = 7F3B9C002973A178007CE76D;
					};
				};
			};
			buildConfigurationList = 7F3B9BFC2973A177007CE76D /* Build configuration list for PBXProject "Landmarks" */;
			compatibilityVersion = "Xcode 14.0";
			developmentRegion = en;
			hasScannedForEncodings = 0;
			knownRegions = (
				en,
				Base,
			);
			mainGroup = 7F3B9BF82973A177007CE76D;
			productRefGroup = 7F3B9C022973A178007CE76D /* Products */;
			projectDirPath = "";
			projectRoot = "";
			targets = (
				7F3B9C002973A178007CE76D /* Landmarks */,
				7F3B9C102973A17B007CE76D /* LandmarksTests */,
				7F3B9C1A2973A17C007CE76D /* LandmarksUITests */,
			);
		};
/* End PBXProject section */

/* Begin PBXResourcesBuildPhase section */
		7F3B9BFF2973A178007CE76D /* Resources */ = {
			isa = PBXResourcesBuildPhase;
			buildActionMask = 2147483647;
			files = (
				7F3B9C0C2973A17B007CE76D /* Preview Assets.xcassets in Resources */,
				7F3B9C092973A17B007CE76D /* Assets.xcassets in Resources */,
				7F3B9C352973BCC2007CE76D /* landmarkData.json in Resources */,
			);
			runOnlyForDeploymentPostprocessing = 0;
		};
		7F3B9C0F2973A17B007CE76D /* Resources */ = {
			isa = PBXResourcesBuildPhase;
			buildActionMask = 2147483647;
			files = (
			);
			runOnlyForDeploymentPostprocessing = 0;
		};
		7F3B9C192973A17C007CE76D /* Resources */ = {
			isa = PBXResourcesBuildPhase;
			buildActionMask = 2147483647;
			files = (
				7F3B9C362973BCC2007CE76D /* landmarkData.json in Resources */,
			);
			runOnlyForDeploymentPostprocessing = 0;
		};
/* End PBXResourcesBuildPhase section */

/* Begin PBXSourcesBuildPhase section */
		7F3B9BFD2973A178007CE76D /* Sources */ = {
			isa = PBXSourcesBuildPhase;
			buildActionMask = 2147483647;
			files = (
				7F3B9C072973A178007CE76D /* ContentView.swift in Sources */,
				7F3B9C332973AC32007CE76D /* MapView.swift in Sources */,
				7F3B9C052973A178007CE76D /* LandmarksApp.swift in Sources */,
				7FDA176A29753E3D008021AC /* FavoriteButton.swift in Sources */,
				7F3B9C492973CD66007CE76D /* LandmarkList.swift in Sources */,
				7F3B9C4C2973D078007CE76D /* LandmarkDetail.swift in Sources */,
				7F3B9C312973A712007CE76D /* CircleImage.swift in Sources */,
				7F3B9C382973BCE8007CE76D /* Landmark.swift in Sources */,
				7F3B9C442973C3A1007CE76D /* LandmarkRow.swift in Sources */,
				7F3B9C472973C6FB007CE76D /* ModelData.swift in Sources */,
			);
			runOnlyForDeploymentPostprocessing = 0;
		};
		7F3B9C0D2973A17B007CE76D /* Sources */ = {
			isa = PBXSourcesBuildPhase;
			buildActionMask = 2147483647;
			files = (
				7F3B9C162973A17B007CE76D /* LandmarksTests.swift in Sources */,
			);
			runOnlyForDeploymentPostprocessing = 0;
		};
		7F3B9C172973A17C007CE76D /* Sources */ = {
			isa = PBXSourcesBuildPhase;
			buildActionMask = 2147483647;
			files = (
				7F3B9C222973A17C007CE76D /* LandmarksUITestsLaunchTests.swift in Sources */,
				7F3B9C4A2973CD66007CE76D /* LandmarkList.swift in Sources */,
				7F3B9C4E2973D2E5007CE76D /* ContentView.swift in Sources */,
				7F3B9C3C2973BF91007CE76D /* ModelData.swift in Sources */,
				7F3B9C202973A17C007CE76D /* LandmarksUITests.swift in Sources */,
				7F3B9C452973C3A1007CE76D /* LandmarkRow.swift in Sources */,
				7F3B9C392973BCE8007CE76D /* Landmark.swift in Sources */,
				7F3B9C4D2973D078007CE76D /* LandmarkDetail.swift in Sources */,
			);
			runOnlyForDeploymentPostprocessing = 0;
		};
/* End PBXSourcesBuildPhase section */

/* Begin PBXTargetDependency section */
		7F3B9C132973A17B007CE76D /* PBXTargetDependency */ = {
			isa = PBXTargetDependency;
			target = 7F3B9C002973A178007CE76D /* Landmarks */;
			targetProxy = 7F3B9C122973A17B007CE76D /* PBXContainerItemProxy */;
		};
		7F3B9C1D2973A17C007CE76D /* PBXTargetDependency */ = {
			isa = PBXTargetDependency;
			target = 7F3B9C002973A178007CE76D /* Landmarks */;
			targetProxy = 7F3B9C1C2973A17C007CE76D /* PBXContainerItemProxy */;
		};
/* End PBXTargetDependency section */

/* Begin XCBuildConfiguration section */
		7F3B9C232973A17C007CE76D /* Debug */ = {
			isa = XCBuildConfiguration;
			buildSettings = {
				ALWAYS_SEARCH_USER_PATHS = NO;
				CLANG_ANALYZER_NONNULL = YES;
				CLANG_ANALYZER_NUMBER_OBJECT_CONVERSION = YES_AGGRESSIVE;
				CLANG_CXX_LANGUAGE_STANDARD = "gnu++20";
				CLANG_ENABLE_MODULES = YES;
				CLANG_ENABLE_OBJC_ARC = YES;
				CLANG_ENABLE_OBJC_WEAK = YES;
				CLANG_WARN_BLOCK_CAPTURE_AUTORELEASING = YES;
				CLANG_WARN_BOOL_CONVERSION = YES;
				CLANG_WARN_COMMA = YES;
				CLANG_WARN_CONSTANT_CONVERSION = YES;
				CLANG_WARN_DEPRECATED_OBJC_IMPLEMENTATIONS = YES;
				CLANG_WARN_DIRECT_OBJC_ISA_USAGE = YES_ERROR;
				CLANG_WARN_DOCUMENTATION_COMMENTS = YES;
				CLANG_WARN_EMPTY_BODY = YES;
				CLANG_WARN_ENUM_CONVERSION = YES;
				CLANG_WARN_INFINITE_RECURSION = YES;
				CLANG_WARN_INT_CONVERSION = YES;
				CLANG_WARN_NON_LITERAL_NULL_CONVERSION = YES;
				CLANG_WARN_OBJC_IMPLICIT_RETAIN_SELF = YES;
				CLANG_WARN_OBJC_LITERAL_CONVERSION = YES;
				CLANG_WARN_OBJC_ROOT_CLASS = YES_ERROR;
				CLANG_WARN_QUOTED_INCLUDE_IN_FRAMEWORK_HEADER = YES;
				CLANG_WARN_RANGE_LOOP_ANALYSIS = YES;
				CLANG_WARN_STRICT_PROTOTYPES = YES;
				CLANG_WARN_SUSPICIOUS_MOVE = YES;
				CLANG_WARN_UNGUARDED_AVAILABILITY = YES_AGGRESSIVE;
				CLANG_WARN_UNREACHABLE_CODE = YES;
				CLANG_WARN__DUPLICATE_METHOD_MATCH = YES;
				COPY_PHASE_STRIP = NO;
				DEBUG_INFORMATION_FORMAT = dwarf;
				ENABLE_STRICT_OBJC_MSGSEND = YES;
				ENABLE_TESTABILITY = YES;
				GCC_C_LANGUAGE_STANDARD = gnu11;
				GCC_DYNAMIC_NO_PIC = NO;
				GCC_NO_COMMON_BLOCKS = YES;
				GCC_OPTIMIZATION_LEVEL = 0;
				GCC_PREPROCESSOR_DEFINITIONS = (
					"DEBUG=1",
					"$(inherited)",
				);
				GCC_WARN_64_TO_32_BIT_CONVERSION = YES;
				GCC_WARN_ABOUT_RETURN_TYPE = YES_ERROR;
				GCC_WARN_UNDECLARED_SELECTOR = YES;
				GCC_WARN_UNINITIALIZED_AUTOS = YES_AGGRESSIVE;
				GCC_WARN_UNUSED_FUNCTION = YES;
				GCC_WARN_UNUSED_VARIABLE = YES;
				IPHONEOS_DEPLOYMENT_TARGET = 16.2;
				MTL_ENABLE_DEBUG_INFO = INCLUDE_SOURCE;
				MTL_FAST_MATH = YES;
				ONLY_ACTIVE_ARCH = YES;
				SDKROOT = iphoneos;
				SWIFT_ACTIVE_COMPILATION_CONDITIONS = DEBUG;
				SWIFT_OPTIMIZATION_LEVEL = "-Onone";
			};
			name = Debug;
		};
		7F3B9C242973A17C007CE76D /* Release */ = {
			isa = XCBuildConfiguration;
			buildSettings = {
				ALWAYS_SEARCH_USER_PATHS = NO;
				CLANG_ANALYZER_NONNULL = YES;
				CLANG_ANALYZER_NUMBER_OBJECT_CONVERSION = YES_AGGRESSIVE;
				CLANG_CXX_LANGUAGE_STANDARD = "gnu++20";
				CLANG_ENABLE_MODULES = YES;
				CLANG_ENABLE_OBJC_ARC = YES;
				CLANG_ENABLE_OBJC_WEAK = YES;
				CLANG_WARN_BLOCK_CAPTURE_AUTORELEASING = YES;
				CLANG_WARN_BOOL_CONVERSION = YES;
				CLANG_WARN_COMMA = YES;
				CLANG_WARN_CONSTANT_CONVERSION = YES;
				CLANG_WARN_DEPRECATED_OBJC_IMPLEMENTATIONS = YES;
				CLANG_WARN_DIRECT_OBJC_ISA_USAGE = YES_ERROR;
				CLANG_WARN_DOCUMENTATION_COMMENTS = YES;
				CLANG_WARN_EMPTY_BODY = YES;
				CLANG_WARN_ENUM_CONVERSION = YES;
				CLANG_WARN_INFINITE_RECURSION = YES;
				CLANG_WARN_INT_CONVERSION = YES;
				CLANG_WARN_NON_LITERAL_NULL_CONVERSION = YES;
				CLANG_WARN_OBJC_IMPLICIT_RETAIN_SELF = YES;
				CLANG_WARN_OBJC_LITERAL_CONVERSION = YES;
				CLANG_WARN_OBJC_ROOT_CLASS = YES_ERROR;
				CLANG_WARN_QUOTED_INCLUDE_IN_FRAMEWORK_HEADER = YES;
				CLANG_WARN_RANGE_LOOP_ANALYSIS = YES;
				CLANG_WARN_STRICT_PROTOTYPES = YES;
				CLANG_WARN_SUSPICIOUS_MOVE = YES;
				CLANG_WARN_UNGUARDED_AVAILABILITY = YES_AGGRESSIVE;
				CLANG_WARN_UNREACHABLE_CODE = YES;
				CLANG_WARN__DUPLICATE_METHOD_MATCH = YES;
				COPY_PHASE_STRIP = NO;
				DEBUG_INFORMATION_FORMAT = "dwarf-with-dsym";
				ENABLE_NS_ASSERTIONS = NO;
				ENABLE_STRICT_OBJC_MSGSEND = YES;
				GCC_C_LANGUAGE_STANDARD = gnu11;
				GCC_NO_COMMON_BLOCKS = YES;
				GCC_WARN_64_TO_32_BIT_CONVERSION = YES;
				GCC_WARN_ABOUT_RETURN_TYPE = YES_ERROR;
				GCC_WARN_UNDECLARED_SELECTOR = YES;
				GCC_WARN_UNINITIALIZED_AUTOS = YES_AGGRESSIVE;
				GCC_WARN_UNUSED_FUNCTION = YES;
				GCC_WARN_UNUSED_VARIABLE = YES;
				IPHONEOS_DEPLOYMENT_TARGET = 16.2;
				MTL_ENABLE_DEBUG_INFO = NO;
				MTL_FAST_MATH = YES;
				SDKROOT = iphoneos;
				SWIFT_COMPILATION_MODE = wholemodule;
				SWIFT_OPTIMIZATION_LEVEL = "-O";
				VALIDATE_PRODUCT = YES;
			};
			name = Release;
		};
		7F3B9C262973A17C007CE76D /* Debug */ = {
			isa = XCBuildConfiguration;
			buildSettings = {
				ASSETCATALOG_COMPILER_APPICON_NAME = AppIcon;
				ASSETCATALOG_COMPILER_GLOBAL_ACCENT_COLOR_NAME = AccentColor;
				CODE_SIGN_STYLE = Automatic;
				CURRENT_PROJECT_VERSION = 1;
				DEVELOPMENT_ASSET_PATHS = "\"Landmarks/Preview Content\"";
				DEVELOPMENT_TEAM = Z9BF7694WV;
				ENABLE_PREVIEWS = YES;
				GENERATE_INFOPLIST_FILE = YES;
				INFOPLIST_KEY_UIApplicationSceneManifest_Generation = YES;
				INFOPLIST_KEY_UIApplicationSupportsIndirectInputEvents = YES;
				INFOPLIST_KEY_UILaunchScreen_Generation = YES;
				INFOPLIST_KEY_UISupportedInterfaceOrientations_iPad = "UIInterfaceOrientationPortrait UIInterfaceOrientationPortraitUpsideDown UIInterfaceOrientationLandscapeLeft UIInterfaceOrientationLandscapeRight";
				INFOPLIST_KEY_UISupportedInterfaceOrientations_iPhone = "UIInterfaceOrientationPortrait UIInterfaceOrientationLandscapeLeft UIInterfaceOrientationLandscapeRight";
				LD_RUNPATH_SEARCH_PATHS = (
					"$(inherited)",
					"@executable_path/Frameworks",
				);
				MARKETING_VERSION = 1.0;
				PRODUCT_BUNDLE_IDENTIFIER = "com.example.apple-samplecode.Landmarks";
				PRODUCT_NAME = "$(TARGET_NAME)";
				SWIFT_EMIT_LOC_STRINGS = YES;
				SWIFT_VERSION = 5.0;
				TARGETED_DEVICE_FAMILY = "1,2";
			};
			name = Debug;
		};
		7F3B9C272973A17C007CE76D /* Release */ = {
			isa = XCBuildConfiguration;
			buildSettings = {
				ASSETCATALOG_COMPILER_APPICON_NAME = AppIcon;
				ASSETCATALOG_COMPILER_GLOBAL_ACCENT_COLOR_NAME = AccentColor;
				CODE_SIGN_STYLE = Automatic;
				CURRENT_PROJECT_VERSION = 1;
				DEVELOPMENT_ASSET_PATHS = "\"Landmarks/Preview Content\"";
				DEVELOPMENT_TEAM = Z9BF7694WV;
				ENABLE_PREVIEWS = YES;
				GENERATE_INFOPLIST_FILE = YES;
				INFOPLIST_KEY_UIApplicationSceneManifest_Generation = YES;
				INFOPLIST_KEY_UIApplicationSupportsIndirectInputEvents = YES;
				INFOPLIST_KEY_UILaunchScreen_Generation = YES;
				INFOPLIST_KEY_UISupportedInterfaceOrientations_iPad = "UIInterfaceOrientationPortrait UIInterfaceOrientationPortraitUpsideDown UIInterfaceOrientationLandscapeLeft UIInterfaceOrientationLandscapeRight";
				INFOPLIST_KEY_UISupportedInterfaceOrientations_iPhone = "UIInterfaceOrientationPortrait UIInterfaceOrientationLandscapeLeft UIInterfaceOrientationLandscapeRight";
				LD_RUNPATH_SEARCH_PATHS = (
					"$(inherited)",
					"@executable_path/Frameworks",
				);
				MARKETING_VERSION = 1.0;
				PRODUCT_BUNDLE_IDENTIFIER = "com.example.apple-samplecode.Landmarks";
				PRODUCT_NAME = "$(TARGET_NAME)";
				SWIFT_EMIT_LOC_STRINGS = YES;
				SWIFT_VERSION = 5.0;
				TARGETED_DEVICE_FAMILY = "1,2";
			};
			name = Release;
		};
		7F3B9C292973A17C007CE76D /* Debug */ = {
			isa = XCBuildConfiguration;
			buildSettings = {
				ALWAYS_EMBED_SWIFT_STANDARD_LIBRARIES = YES;
				BUNDLE_LOADER = "$(TEST_HOST)";
				CODE_SIGN_STYLE = Automatic;
				CURRENT_PROJECT_VERSION = 1;
				DEVELOPMENT_TEAM = Z9BF7694WV;
				GENERATE_INFOPLIST_FILE = YES;
				IPHONEOS_DEPLOYMENT_TARGET = 16.2;
				MARKETING_VERSION = 1.0;
				PRODUCT_BUNDLE_IDENTIFIER = "com.example.apple-samplecode.LandmarksTests";
				PRODUCT_NAME = "$(TARGET_NAME)";
				SWIFT_EMIT_LOC_STRINGS = NO;
				SWIFT_VERSION = 5.0;
				TARGETED_DEVICE_FAMILY = "1,2";
				TEST_HOST = "$(BUILT_PRODUCTS_DIR)/Landmarks.app/$(BUNDLE_EXECUTABLE_FOLDER_PATH)/Landmarks";
			};
			name = Debug;
		};
		7F3B9C2A2973A17C007CE76D /* Release */ = {
			isa = XCBuildConfiguration;
			buildSettings = {
				ALWAYS_EMBED_SWIFT_STANDARD_LIBRARIES = YES;
				BUNDLE_LOADER = "$(TEST_HOST)";
				CODE_SIGN_STYLE = Automatic;
				CURRENT_PROJECT_VERSION = 1;
				DEVELOPMENT_TEAM = Z9BF7694WV;
				GENERATE_INFOPLIST_FILE = YES;
				IPHONEOS_DEPLOYMENT_TARGET = 16.2;
				MARKETING_VERSION = 1.0;
				PRODUCT_BUNDLE_IDENTIFIER = "com.example.apple-samplecode.LandmarksTests";
				PRODUCT_NAME = "$(TARGET_NAME)";
				SWIFT_EMIT_LOC_STRINGS = NO;
				SWIFT_VERSION = 5.0;
				TARGETED_DEVICE_FAMILY = "1,2";
				TEST_HOST = "$(BUILT_PRODUCTS_DIR)/Landmarks.app/$(BUNDLE_EXECUTABLE_FOLDER_PATH)/Landmarks";
			};
			name = Release;
		};
		7F3B9C2C2973A17C007CE76D /* Debug */ = {
			isa = XCBuildConfiguration;
			buildSettings = {
				ALWAYS_EMBED_SWIFT_STANDARD_LIBRARIES = YES;
				CODE_SIGN_STYLE = Automatic;
				CURRENT_PROJECT_VERSION = 1;
				DEVELOPMENT_TEAM = Z9BF7694WV;
				GENERATE_INFOPLIST_FILE = YES;
				MARKETING_VERSION = 1.0;
				PRODUCT_BUNDLE_IDENTIFIER = "com.example.apple-samplecode.LandmarksUITests";
				PRODUCT_NAME = "$(TARGET_NAME)";
				SWIFT_EMIT_LOC_STRINGS = NO;
				SWIFT_VERSION = 5.0;
				TARGETED_DEVICE_FAMILY = "1,2";
				TEST_TARGET_NAME = Landmarks;
			};
			name = Debug;
		};
		7F3B9C2D2973A17C007CE76D /* Release */ = {
			isa = XCBuildConfiguration;
			buildSettings = {
				ALWAYS_EMBED_SWIFT_STANDARD_LIBRARIES = YES;
				CODE_SIGN_STYLE = Automatic;
				CURRENT_PROJECT_VERSION = 1;
				DEVELOPMENT_TEAM = Z9BF7694WV;
				GENERATE_INFOPLIST_FILE = YES;
				MARKETING_VERSION = 1.0;
				PRODUCT_BUNDLE_IDENTIFIER = "com.example.apple-samplecode.LandmarksUITests";
				PRODUCT_NAME = "$(TARGET_NAME)";
				SWIFT_EMIT_LOC_STRINGS = NO;
				SWIFT_VERSION = 5.0;
				TARGETED_DEVICE_FAMILY = "1,2";
				TEST_TARGET_NAME = Landmarks;
			};
			name = Release;
		};
/* End XCBuildConfiguration section */

/* Begin XCConfigurationList section */
		7F3B9BFC2973A177007CE76D /* Build configuration list for PBXProject "Landmarks" */ = {
			isa = XCConfigurationList;
			buildConfigurations = (
				7F3B9C232973A17C007CE76D /* Debug */,
				7F3B9C242973A17C007CE76D /* Release */,
			);
			defaultConfigurationIsVisible = 0;
			defaultConfigurationName = Release;
		};
		7F3B9C252973A17C007CE76D /* Build configuration list for PBXNativeTarget "Landmarks" */ = {
			isa = XCConfigurationList;
			buildConfigurations = (
				7F3B9C262973A17C007CE76D /* Debug */,
				7F3B9C272973A17C007CE76D /* Release */,
			);
			defaultConfigurationIsVisible = 0;
			defaultConfigurationName = Release;
		};
		7F3B9C282973A17C007CE76D /* Build configuration list for PBXNativeTarget "LandmarksTests" */ = {
			isa = XCConfigurationList;
			buildConfigurations = (
				7F3B9C292973A17C007CE76D /* Debug */,
				7F3B9C2A2973A17C007CE76D /* Release */,
			);
			defaultConfigurationIsVisible = 0;
			defaultConfigurationName = Release;
		};
		7F3B9C2B2973A17C007CE76D /* Build configuration list for PBXNativeTarget "LandmarksUITests" */ = {
			isa = XCConfigurationList;
			buildConfigurations = (
				7F3B9C2C2973A17C007CE76D /* Debug */,
				7F3B9C2D2973A17C007CE76D /* Release */,
			);
			defaultConfigurationIsVisible = 0;
			defaultConfigurationName = Release;
		};
/* End XCConfigurationList section */
	};
	rootObject = 7F3B9BF92973A177007CE76D /* Project object */;
}
